
Microsoft Visual Studio Solution File, Format Version 10.00
# Visual C++ Express 2008
Project("{8BC9CEB8-8B4A-11D0-8D11-00A0C91BC942}") = "Keygen", "src\Keygen.vcproj", "{6ADF09AE-3D50-4810-A20E-AE5DAC10309F}"
EndProject
Global
	GlobalSection(SolutionConfigurationPlatforms) = preSolution
		Debug|Win32 = Debug|Win32
		Release|Win32 = Release|Win32
	EndGlobalSection
	GlobalSection(ProjectConfigurationPlatforms) = postSolution
		{6ADF09AE-3D50-4810-A20E-AE5DAC10309F}.Debug|Win32.ActiveCfg = Debug|Win32
		{6ADF09AE-3D50-4810-A20E-AE5DAC10309F}.Debug|Win32.Build.0 = Debug|Win32
		{6ADF09AE-3D50-4810-A20E-AE5DAC10309F}.Release|Win32.ActiveCfg = Release|Win32
		{6ADF09AE-3D50-4810-A20E-AE5DAC10309F}.Release|Win32.Build.0 = Release|Win32
	EndGlobalSection
	GlobalSection(SolutionProperties) = preSolution
		HideSolutionNode = FALSE
	EndGlobalSection
EndGlobal
